// !$*UTF8*$!
{
	archiveVersion = 1;
	classes = {
	};
	objectVersion = 52;
	objects = {

/* Begin PBXBuildFile section */
		E4612FDB26977117004B8F2A /* ContentView.swift in Sources */ = {isa = PBXBuildFile; fileRef = E4612FDA26977117004B8F2A /* ContentView.swift */; };
		E4685EDE2772856800393DDA /* HistoryFeaturePreviewApp.swift in Sources */ = {isa = PBXBuildFile; fileRef = E4685EDD2772856800393DDA /* HistoryFeaturePreviewApp.swift */; };
		E4685EE22772856A00393DDA /* Assets.xcassets in Resources */ = {isa = PBXBuildFile; fileRef = E4685EE12772856A00393DDA /* Assets.xcassets */; };
		E4685EE52772856A00393DDA /* Preview Assets.xcassets in Resources */ = {isa = PBXBuildFile; fileRef = E4685EE42772856A00393DDA /* Preview Assets.xcassets */; };
		E4685EEA2772857B00393DDA /* HistoryFeature in Frameworks */ = {isa = PBXBuildFile; productRef = E4685EE92772857B00393DDA /* HistoryFeature */; };
		E4685EF2277286C800393DDA /* UserProfileFeaturePreviewApp.swift in Sources */ = {isa = PBXBuildFile; fileRef = E4685EF1277286C800393DDA /* UserProfileFeaturePreviewApp.swift */; };
		E4685EF6277286C900393DDA /* Assets.xcassets in Resources */ = {isa = PBXBuildFile; fileRef = E4685EF5277286C900393DDA /* Assets.xcassets */; };
		E4685EF9277286C900393DDA /* Preview Assets.xcassets in Resources */ = {isa = PBXBuildFile; fileRef = E4685EF8277286C900393DDA /* Preview Assets.xcassets */; };
		E473E145277CFFD1001729DF /* UserProfileFeature in Frameworks */ = {isa = PBXBuildFile; productRef = E473E144277CFFD1001729DF /* UserProfileFeature */; };
		E49AA45F267FBFA700D3F456 /* AppFeature in Frameworks */ = {isa = PBXBuildFile; productRef = E49AA45E267FBFA700D3F456 /* AppFeature */; };
		E4AC9A80277250F1009101AF /* TapFeaturePreviewApp.swift in Sources */ = {isa = PBXBuildFile; fileRef = E4AC9A7F277250F1009101AF /* TapFeaturePreviewApp.swift */; };
		E4AC9A84277250F2009101AF /* Assets.xcassets in Resources */ = {isa = PBXBuildFile; fileRef = E4AC9A83277250F2009101AF /* Assets.xcassets */; };
		E4AC9A87277250F2009101AF /* Preview Assets.xcassets in Resources */ = {isa = PBXBuildFile; fileRef = E4AC9A86277250F2009101AF /* Preview Assets.xcassets */; };
		E4AC9A8D27725169009101AF /* TapFeature in Frameworks */ = {isa = PBXBuildFile; productRef = E4AC9A8C27725169009101AF /* TapFeature */; };
		E4DFE932267FBD7900F21A5B /* TapItApp.swift in Sources */ = {isa = PBXBuildFile; fileRef = E4DFE931267FBD7900F21A5B /* TapItApp.swift */; };
		E4DFE936267FBD7A00F21A5B /* Assets.xcassets in Resources */ = {isa = PBXBuildFile; fileRef = E4DFE935267FBD7A00F21A5B /* Assets.xcassets */; };
		E4DFE939267FBD7A00F21A5B /* Preview Assets.xcassets in Resources */ = {isa = PBXBuildFile; fileRef = E4DFE938267FBD7A00F21A5B /* Preview Assets.xcassets */; };
/* End PBXBuildFile section */

/* Begin PBXFileReference section */
		E4612FDA26977117004B8F2A /* ContentView.swift */ = {isa = PBXFileReference; lastKnownFileType = sourcecode.swift; path = ContentView.swift; sourceTree = "<group>"; };
		E4685EDB2772856800393DDA /* HistoryFeaturePreview.app */ = {isa = PBXFileReference; explicitFileType = wrapper.application; includeInIndex = 0; path = HistoryFeaturePreview.app; sourceTree = BUILT_PRODUCTS_DIR; };
		E4685EDD2772856800393DDA /* HistoryFeaturePreviewApp.swift */ = {isa = PBXFileReference; lastKnownFileType = sourcecode.swift; path = HistoryFeaturePreviewApp.swift; sourceTree = "<group>"; };
		E4685EE12772856A00393DDA /* Assets.xcassets */ = {isa = PBXFileReference; lastKnownFileType = folder.assetcatalog; path = Assets.xcassets; sourceTree = "<group>"; };
		E4685EE42772856A00393DDA /* Preview Assets.xcassets */ = {isa = PBXFileReference; lastKnownFileType = folder.assetcatalog; path = "Preview Assets.xcassets"; sourceTree = "<group>"; };
		E4685EEF277286C800393DDA /* UserProfileFeaturePreview.app */ = {isa = PBXFileReference; explicitFileType = wrapper.application; includeInIndex = 0; path = UserProfileFeaturePreview.app; sourceTree = BUILT_PRODUCTS_DIR; };
		E4685EF1277286C800393DDA /* UserProfileFeaturePreviewApp.swift */ = {isa = PBXFileReference; lastKnownFileType = sourcecode.swift; path = UserProfileFeaturePreviewApp.swift; sourceTree = "<group>"; };
		E4685EF5277286C900393DDA /* Assets.xcassets */ = {isa = PBXFileReference; lastKnownFileType = folder.assetcatalog; path = Assets.xcassets; sourceTree = "<group>"; };
		E4685EF8277286C900393DDA /* Preview Assets.xcassets */ = {isa = PBXFileReference; lastKnownFileType = folder.assetcatalog; path = "Preview Assets.xcassets"; sourceTree = "<group>"; };
		E4AC9A7D277250F1009101AF /* TapFeaturePreview.app */ = {isa = PBXFileReference; explicitFileType = wrapper.application; includeInIndex = 0; path = TapFeaturePreview.app; sourceTree = BUILT_PRODUCTS_DIR; };
		E4AC9A7F277250F1009101AF /* TapFeaturePreviewApp.swift */ = {isa = PBXFileReference; lastKnownFileType = sourcecode.swift; path = TapFeaturePreviewApp.swift; sourceTree = "<group>"; };
		E4AC9A83277250F2009101AF /* Assets.xcassets */ = {isa = PBXFileReference; lastKnownFileType = folder.assetcatalog; path = Assets.xcassets; sourceTree = "<group>"; };
		E4AC9A86277250F2009101AF /* Preview Assets.xcassets */ = {isa = PBXFileReference; lastKnownFileType = folder.assetcatalog; path = "Preview Assets.xcassets"; sourceTree = "<group>"; };
		E4DFE92E267FBD7900F21A5B /* TapIt.app */ = {isa = PBXFileReference; explicitFileType = wrapper.application; includeInIndex = 0; path = TapIt.app; sourceTree = BUILT_PRODUCTS_DIR; };
		E4DFE931267FBD7900F21A5B /* TapItApp.swift */ = {isa = PBXFileReference; lastKnownFileType = sourcecode.swift; path = TapItApp.swift; sourceTree = "<group>"; };
		E4DFE935267FBD7A00F21A5B /* Assets.xcassets */ = {isa = PBXFileReference; lastKnownFileType = folder.assetcatalog; path = Assets.xcassets; sourceTree = "<group>"; };
		E4DFE938267FBD7A00F21A5B /* Preview Assets.xcassets */ = {isa = PBXFileReference; lastKnownFileType = folder.assetcatalog; path = "Preview Assets.xcassets"; sourceTree = "<group>"; };
		E4DFE93A267FBD7A00F21A5B /* Info.plist */ = {isa = PBXFileReference; lastKnownFileType = text.plist.xml; path = Info.plist; sourceTree = "<group>"; };
/* End PBXFileReference section */

/* Begin PBXFrameworksBuildPhase section */
		E4685ED82772856800393DDA /* Frameworks */ = {
			isa = PBXFrameworksBuildPhase;
			buildActionMask = 2147483647;
			files = (
				E4685EEA2772857B00393DDA /* HistoryFeature in Frameworks */,
			);
			runOnlyForDeploymentPostprocessing = 0;
		};
		E4685EEC277286C800393DDA /* Frameworks */ = {
			isa = PBXFrameworksBuildPhase;
			buildActionMask = 2147483647;
			files = (
				E473E145277CFFD1001729DF /* UserProfileFeature in Frameworks */,
			);
			runOnlyForDeploymentPostprocessing = 0;
		};
		E4AC9A7A277250F1009101AF /* Frameworks */ = {
			isa = PBXFrameworksBuildPhase;
			buildActionMask = 2147483647;
			files = (
				E4AC9A8D27725169009101AF /* TapFeature in Frameworks */,
			);
			runOnlyForDeploymentPostprocessing = 0;
		};
		E4DFE92B267FBD7900F21A5B /* Frameworks */ = {
			isa = PBXFrameworksBuildPhase;
			buildActionMask = 2147483647;
			files = (
				E49AA45F267FBFA700D3F456 /* AppFeature in Frameworks */,
			);
			runOnlyForDeploymentPostprocessing = 0;
		};
/* End PBXFrameworksBuildPhase section */

/* Begin PBXGroup section */
		E4685EDC2772856800393DDA /* HistoryFeaturePreview */ = {
			isa = PBXGroup;
			children = (
				E4685EDD2772856800393DDA /* HistoryFeaturePreviewApp.swift */,
				E4685EE12772856A00393DDA /* Assets.xcassets */,
				E4685EE32772856A00393DDA /* Preview Content */,
			);
			path = HistoryFeaturePreview;
			sourceTree = "<group>";
		};
		E4685EE32772856A00393DDA /* Preview Content */ = {
			isa = PBXGroup;
			children = (
				E4685EE42772856A00393DDA /* Preview Assets.xcassets */,
			);
			path = "Preview Content";
			sourceTree = "<group>";
		};
		E4685EF0277286C800393DDA /* UserProfileFeaturePreview */ = {
			isa = PBXGroup;
			children = (
				E4685EF1277286C800393DDA /* UserProfileFeaturePreviewApp.swift */,
				E4685EF5277286C900393DDA /* Assets.xcassets */,
				E4685EF7277286C900393DDA /* Preview Content */,
			);
			path = UserProfileFeaturePreview;
			sourceTree = "<group>";
		};
		E4685EF7277286C900393DDA /* Preview Content */ = {
			isa = PBXGroup;
			children = (
				E4685EF8277286C900393DDA /* Preview Assets.xcassets */,
			);
			path = "Preview Content";
			sourceTree = "<group>";
		};
		E49AA45D267FBFA700D3F456 /* Frameworks */ = {
			isa = PBXGroup;
			children = (
			);
			name = Frameworks;
			sourceTree = "<group>";
		};
		E4AC9A7E277250F1009101AF /* TapFeaturePreview */ = {
			isa = PBXGroup;
			children = (
				E4AC9A7F277250F1009101AF /* TapFeaturePreviewApp.swift */,
				E4AC9A83277250F2009101AF /* Assets.xcassets */,
				E4AC9A85277250F2009101AF /* Preview Content */,
			);
			path = TapFeaturePreview;
			sourceTree = "<group>";
		};
		E4AC9A85277250F2009101AF /* Preview Content */ = {
			isa = PBXGroup;
			children = (
				E4AC9A86277250F2009101AF /* Preview Assets.xcassets */,
			);
			path = "Preview Content";
			sourceTree = "<group>";
		};
		E4AC9A8B27725135009101AF /* Previews */ = {
			isa = PBXGroup;
			children = (
				E4685EF0277286C800393DDA /* UserProfileFeaturePreview */,
				E4685EDC2772856800393DDA /* HistoryFeaturePreview */,
				E4AC9A7E277250F1009101AF /* TapFeaturePreview */,
			);
			path = Previews;
			sourceTree = "<group>";
		};
		E4DFE925267FBD7900F21A5B = {
			isa = PBXGroup;
			children = (
				E4AC9A8B27725135009101AF /* Previews */,
				E4DFE930267FBD7900F21A5B /* TapIt */,
				E4DFE92F267FBD7900F21A5B /* Products */,
				E49AA45D267FBFA700D3F456 /* Frameworks */,
			);
			sourceTree = "<group>";
		};
		E4DFE92F267FBD7900F21A5B /* Products */ = {
			isa = PBXGroup;
			children = (
				E4DFE92E267FBD7900F21A5B /* TapIt.app */,
				E4AC9A7D277250F1009101AF /* TapFeaturePreview.app */,
				E4685EDB2772856800393DDA /* HistoryFeaturePreview.app */,
				E4685EEF277286C800393DDA /* UserProfileFeaturePreview.app */,
			);
			name = Products;
			sourceTree = "<group>";
		};
		E4DFE930267FBD7900F21A5B /* TapIt */ = {
			isa = PBXGroup;
			children = (
				E4DFE931267FBD7900F21A5B /* TapItApp.swift */,
				E4612FDA26977117004B8F2A /* ContentView.swift */,
				E4DFE935267FBD7A00F21A5B /* Assets.xcassets */,
				E4DFE93A267FBD7A00F21A5B /* Info.plist */,
				E4DFE937267FBD7A00F21A5B /* Preview Content */,
			);
			path = TapIt;
			sourceTree = "<group>";
		};
		E4DFE937267FBD7A00F21A5B /* Preview Content */ = {
			isa = PBXGroup;
			children = (
				E4DFE938267FBD7A00F21A5B /* Preview Assets.xcassets */,
			);
			path = "Preview Content";
			sourceTree = "<group>";
		};
/* End PBXGroup section */

/* Begin PBXNativeTarget section */
		E4685EDA2772856800393DDA /* HistoryFeaturePreview */ = {
			isa = PBXNativeTarget;
			buildConfigurationList = E4685EE82772856A00393DDA /* Build configuration list for PBXNativeTarget "HistoryFeaturePreview" */;
			buildPhases = (
				E4685ED72772856800393DDA /* Sources */,
				E4685ED82772856800393DDA /* Frameworks */,
				E4685ED92772856800393DDA /* Resources */,
			);
			buildRules = (
			);
			dependencies = (
			);
			name = HistoryFeaturePreview;
			packageProductDependencies = (
				E4685EE92772857B00393DDA /* HistoryFeature */,
			);
			productName = HistoryFeaturePreview;
			productReference = E4685EDB2772856800393DDA /* HistoryFeaturePreview.app */;
			productType = "com.apple.product-type.application";
		};
		E4685EEE277286C800393DDA /* UserProfileFeaturePreview */ = {
			isa = PBXNativeTarget;
			buildConfigurationList = E4685EFA277286C900393DDA /* Build configuration list for PBXNativeTarget "UserProfileFeaturePreview" */;
			buildPhases = (
				E4685EEB277286C800393DDA /* Sources */,
				E4685EEC277286C800393DDA /* Frameworks */,
				E4685EED277286C800393DDA /* Resources */,
			);
			buildRules = (
			);
			dependencies = (
			);
			name = UserProfileFeaturePreview;
			packageProductDependencies = (
				E473E144277CFFD1001729DF /* UserProfileFeature */,
			);
			productName = UserProfileFeaturePreview;
			productReference = E4685EEF277286C800393DDA /* UserProfileFeaturePreview.app */;
			productType = "com.apple.product-type.application";
		};
		E4AC9A7C277250F1009101AF /* TapFeaturePreview */ = {
			isa = PBXNativeTarget;
			buildConfigurationList = E4AC9A8A277250F2009101AF /* Build configuration list for PBXNativeTarget "TapFeaturePreview" */;
			buildPhases = (
				E4AC9A79277250F1009101AF /* Sources */,
				E4AC9A7A277250F1009101AF /* Frameworks */,
				E4AC9A7B277250F1009101AF /* Resources */,
			);
			buildRules = (
			);
			dependencies = (
			);
			name = TapFeaturePreview;
			packageProductDependencies = (
				E4AC9A8C27725169009101AF /* TapFeature */,
			);
			productName = TapFeaturePreview;
			productReference = E4AC9A7D277250F1009101AF /* TapFeaturePreview.app */;
			productType = "com.apple.product-type.application";
		};
		E4DFE92D267FBD7900F21A5B /* TapIt */ = {
			isa = PBXNativeTarget;
			buildConfigurationList = E4DFE93D267FBD7A00F21A5B /* Build configuration list for PBXNativeTarget "TapIt" */;
			buildPhases = (
				E4DFE92A267FBD7900F21A5B /* Sources */,
				E4DFE92B267FBD7900F21A5B /* Frameworks */,
				E4DFE92C267FBD7900F21A5B /* Resources */,
			);
			buildRules = (
			);
			dependencies = (
			);
			name = TapIt;
			packageProductDependencies = (
				E49AA45E267FBFA700D3F456 /* AppFeature */,
			);
			productName = TapIt;
			productReference = E4DFE92E267FBD7900F21A5B /* TapIt.app */;
			productType = "com.apple.product-type.application";
		};
/* End PBXNativeTarget section */

/* Begin PBXProject section */
		E4DFE926267FBD7900F21A5B /* Project object */ = {
			isa = PBXProject;
			attributes = {
				LastSwiftUpdateCheck = 1320;
				LastUpgradeCheck = 1250;
				TargetAttributes = {
					E4685EDA2772856800393DDA = {
						CreatedOnToolsVersion = 13.2.1;
					};
					E4685EEE277286C800393DDA = {
						CreatedOnToolsVersion = 13.2.1;
					};
					E4AC9A7C277250F1009101AF = {
						CreatedOnToolsVersion = 13.2.1;
					};
					E4DFE92D267FBD7900F21A5B = {
						CreatedOnToolsVersion = 12.5;
					};
				};
			};
			buildConfigurationList = E4DFE929267FBD7900F21A5B /* Build configuration list for PBXProject "TapIt" */;
			compatibilityVersion = "Xcode 9.3";
			developmentRegion = en;
			hasScannedForEncodings = 0;
			knownRegions = (
				en,
				Base,
			);
			mainGroup = E4DFE925267FBD7900F21A5B;
			productRefGroup = E4DFE92F267FBD7900F21A5B /* Products */;
			projectDirPath = "";
			projectRoot = "";
			targets = (
				E4DFE92D267FBD7900F21A5B /* TapIt */,
				E4AC9A7C277250F1009101AF /* TapFeaturePreview */,
				E4685EDA2772856800393DDA /* HistoryFeaturePreview */,
				E4685EEE277286C800393DDA /* UserProfileFeaturePreview */,
			);
		};
/* End PBXProject section */

/* Begin PBXResourcesBuildPhase section */
		E4685ED92772856800393DDA /* Resources */ = {
			isa = PBXResourcesBuildPhase;
			buildActionMask = 2147483647;
			files = (
				E4685EE52772856A00393DDA /* Preview Assets.xcassets in Resources */,
				E4685EE22772856A00393DDA /* Assets.xcassets in Resources */,
			);
			runOnlyForDeploymentPostprocessing = 0;
		};
		E4685EED277286C800393DDA /* Resources */ = {
			isa = PBXResourcesBuildPhase;
			buildActionMask = 2147483647;
			files = (
				E4685EF9277286C900393DDA /* Preview Assets.xcassets in Resources */,
				E4685EF6277286C900393DDA /* Assets.xcassets in Resources */,
			);
			runOnlyForDeploymentPostprocessing = 0;
		};
		E4AC9A7B277250F1009101AF /* Resources */ = {
			isa = PBXResourcesBuildPhase;
			buildActionMask = 2147483647;
			files = (
				E4AC9A87277250F2009101AF /* Preview Assets.xcassets in Resources */,
				E4AC9A84277250F2009101AF /* Assets.xcassets in Resources */,
			);
			runOnlyForDeploymentPostprocessing = 0;
		};
		E4DFE92C267FBD7900F21A5B /* Resources */ = {
			isa = PBXResourcesBuildPhase;
			buildActionMask = 2147483647;
			files = (
				E4DFE939267FBD7A00F21A5B /* Preview Assets.xcassets in Resources */,
				E4DFE936267FBD7A00F21A5B /* Assets.xcassets in Resources */,
			);
			runOnlyForDeploymentPostprocessing = 0;
		};
/* End PBXResourcesBuildPhase section */

/* Begin PBXSourcesBuildPhase section */
		E4685ED72772856800393DDA /* Sources */ = {
			isa = PBXSourcesBuildPhase;
			buildActionMask = 2147483647;
			files = (
				E4685EDE2772856800393DDA /* HistoryFeaturePreviewApp.swift in Sources */,
			);
			runOnlyForDeploymentPostprocessing = 0;
		};
		E4685EEB277286C800393DDA /* Sources */ = {
			isa = PBXSourcesBuildPhase;
			buildActionMask = 2147483647;
			files = (
				E4685EF2277286C800393DDA /* UserProfileFeaturePreviewApp.swift in Sources */,
			);
			runOnlyForDeploymentPostprocessing = 0;
		};
		E4AC9A79277250F1009101AF /* Sources */ = {
			isa = PBXSourcesBuildPhase;
			buildActionMask = 2147483647;
			files = (
				E4AC9A80277250F1009101AF /* TapFeaturePreviewApp.swift in Sources */,
			);
			runOnlyForDeploymentPostprocessing = 0;
		};
		E4DFE92A267FBD7900F21A5B /* Sources */ = {
			isa = PBXSourcesBuildPhase;
			buildActionMask = 2147483647;
			files = (
				E4612FDB26977117004B8F2A /* ContentView.swift in Sources */,
				E4DFE932267FBD7900F21A5B /* TapItApp.swift in Sources */,
			);
			runOnlyForDeploymentPostprocessing = 0;
		};
/* End PBXSourcesBuildPhase section */

/* Begin XCBuildConfiguration section */
		E4685EE62772856A00393DDA /* Debug */ = {
			isa = XCBuildConfiguration;
			buildSettings = {
				ASSETCATALOG_COMPILER_APPICON_NAME = AppIcon;
				ASSETCATALOG_COMPILER_GLOBAL_ACCENT_COLOR_NAME = AccentColor;
				CLANG_CXX_LANGUAGE_STANDARD = "gnu++17";
				CODE_SIGN_STYLE = Automatic;
				CURRENT_PROJECT_VERSION = 1;
				DEVELOPMENT_ASSET_PATHS = "\"HistoryFeaturePreview/Preview Content\"";
				DEVELOPMENT_TEAM = 4H9DY7KK5F;
				ENABLE_PREVIEWS = YES;
				GENERATE_INFOPLIST_FILE = YES;
				INFOPLIST_KEY_UIApplicationSceneManifest_Generation = YES;
				INFOPLIST_KEY_UIApplicationSupportsIndirectInputEvents = YES;
				INFOPLIST_KEY_UILaunchScreen_Generation = YES;
				INFOPLIST_KEY_UISupportedInterfaceOrientations_iPad = "UIInterfaceOrientationPortrait UIInterfaceOrientationPortraitUpsideDown UIInterfaceOrientationLandscapeLeft UIInterfaceOrientationLandscapeRight";
				INFOPLIST_KEY_UISupportedInterfaceOrientations_iPhone = "UIInterfaceOrientationPortrait UIInterfaceOrientationLandscapeLeft UIInterfaceOrientationLandscapeRight";
				IPHONEOS_DEPLOYMENT_TARGET = 14.0;
				LD_RUNPATH_SEARCH_PATHS = (
					"$(inherited)",
					"@executable_path/Frameworks",
				);
				MARKETING_VERSION = 1.0;
				PRODUCT_BUNDLE_IDENTIFIER = nikitamounier.HistoryFeaturePreview;
				PRODUCT_NAME = "$(TARGET_NAME)";
				SWIFT_EMIT_LOC_STRINGS = YES;
				SWIFT_VERSION = 5.0;
				TARGETED_DEVICE_FAMILY = "1,2";
			};
			name = Debug;
		};
		E4685EE72772856A00393DDA /* Release */ = {
			isa = XCBuildConfiguration;
			buildSettings = {
				ASSETCATALOG_COMPILER_APPICON_NAME = AppIcon;
				ASSETCATALOG_COMPILER_GLOBAL_ACCENT_COLOR_NAME = AccentColor;
				CLANG_CXX_LANGUAGE_STANDARD = "gnu++17";
				CODE_SIGN_STYLE = Automatic;
				CURRENT_PROJECT_VERSION = 1;
				DEVELOPMENT_ASSET_PATHS = "\"HistoryFeaturePreview/Preview Content\"";
				DEVELOPMENT_TEAM = 4H9DY7KK5F;
				ENABLE_PREVIEWS = YES;
				GENERATE_INFOPLIST_FILE = YES;
				INFOPLIST_KEY_UIApplicationSceneManifest_Generation = YES;
				INFOPLIST_KEY_UIApplicationSupportsIndirectInputEvents = YES;
				INFOPLIST_KEY_UILaunchScreen_Generation = YES;
				INFOPLIST_KEY_UISupportedInterfaceOrientations_iPad = "UIInterfaceOrientationPortrait UIInterfaceOrientationPortraitUpsideDown UIInterfaceOrientationLandscapeLeft UIInterfaceOrientationLandscapeRight";
				INFOPLIST_KEY_UISupportedInterfaceOrientations_iPhone = "UIInterfaceOrientationPortrait UIInterfaceOrientationLandscapeLeft UIInterfaceOrientationLandscapeRight";
				IPHONEOS_DEPLOYMENT_TARGET = 14.0;
				LD_RUNPATH_SEARCH_PATHS = (
					"$(inherited)",
					"@executable_path/Frameworks",
				);
				MARKETING_VERSION = 1.0;
				PRODUCT_BUNDLE_IDENTIFIER = nikitamounier.HistoryFeaturePreview;
				PRODUCT_NAME = "$(TARGET_NAME)";
				SWIFT_EMIT_LOC_STRINGS = YES;
				SWIFT_VERSION = 5.0;
				TARGETED_DEVICE_FAMILY = "1,2";
			};
			name = Release;
		};
		E4685EFB277286C900393DDA /* Debug */ = {
			isa = XCBuildConfiguration;
			buildSettings = {
				ASSETCATALOG_COMPILER_APPICON_NAME = AppIcon;
				ASSETCATALOG_COMPILER_GLOBAL_ACCENT_COLOR_NAME = AccentColor;
				CLANG_CXX_LANGUAGE_STANDARD = "gnu++17";
				CODE_SIGN_STYLE = Automatic;
				CURRENT_PROJECT_VERSION = 1;
				DEVELOPMENT_ASSET_PATHS = "\"UserProfileFeaturePreview/Preview Content\"";
				DEVELOPMENT_TEAM = 4H9DY7KK5F;
				ENABLE_PREVIEWS = YES;
				GENERATE_INFOPLIST_FILE = YES;
				INFOPLIST_KEY_UIApplicationSceneManifest_Generation = YES;
				INFOPLIST_KEY_UIApplicationSupportsIndirectInputEvents = YES;
				INFOPLIST_KEY_UILaunchScreen_Generation = YES;
				INFOPLIST_KEY_UISupportedInterfaceOrientations_iPad = "UIInterfaceOrientationPortrait UIInterfaceOrientationPortraitUpsideDown UIInterfaceOrientationLandscapeLeft UIInterfaceOrientationLandscapeRight";
				INFOPLIST_KEY_UISupportedInterfaceOrientations_iPhone = "UIInterfaceOrientationPortrait UIInterfaceOrientationLandscapeLeft UIInterfaceOrientationLandscapeRight";
				IPHONEOS_DEPLOYMENT_TARGET = 14.0;
				LD_RUNPATH_SEARCH_PATHS = (
					"$(inherited)",
					"@executable_path/Frameworks",
				);
				MARKETING_VERSION = 1.0;
				PRODUCT_BUNDLE_IDENTIFIER = nikitamounier.UserProfileFeaturePreview;
				PRODUCT_NAME = "$(TARGET_NAME)";
				SWIFT_EMIT_LOC_STRINGS = YES;
				SWIFT_VERSION = 5.0;
				TARGETED_DEVICE_FAMILY = "1,2";
			};
			name = Debug;
		};
		E4685EFC277286C900393DDA /* Release */ = {
			isa = XCBuildConfiguration;
			buildSettings = {
				ASSETCATALOG_COMPILER_APPICON_NAME = AppIcon;
				ASSETCATALOG_COMPILER_GLOBAL_ACCENT_COLOR_NAME = AccentColor;
				CLANG_CXX_LANGUAGE_STANDARD = "gnu++17";
				CODE_SIGN_STYLE = Automatic;
				CURRENT_PROJECT_VERSION = 1;
				DEVELOPMENT_ASSET_PATHS = "\"UserProfileFeaturePreview/Preview Content\"";
				DEVELOPMENT_TEAM = 4H9DY7KK5F;
				ENABLE_PREVIEWS = YES;
				GENERATE_INFOPLIST_FILE = YES;
				INFOPLIST_KEY_UIApplicationSceneManifest_Generation = YES;
				INFOPLIST_KEY_UIApplicationSupportsIndirectInputEvents = YES;
				INFOPLIST_KEY_UILaunchScreen_Generation = YES;
				INFOPLIST_KEY_UISupportedInterfaceOrientations_iPad = "UIInterfaceOrientationPortrait UIInterfaceOrientationPortraitUpsideDown UIInterfaceOrientationLandscapeLeft UIInterfaceOrientationLandscapeRight";
				INFOPLIST_KEY_UISupportedInterfaceOrientations_iPhone = "UIInterfaceOrientationPortrait UIInterfaceOrientationLandscapeLeft UIInterfaceOrientationLandscapeRight";
				IPHONEOS_DEPLOYMENT_TARGET = 14.0;
				LD_RUNPATH_SEARCH_PATHS = (
					"$(inherited)",
					"@executable_path/Frameworks",
				);
				MARKETING_VERSION = 1.0;
				PRODUCT_BUNDLE_IDENTIFIER = nikitamounier.UserProfileFeaturePreview;
				PRODUCT_NAME = "$(TARGET_NAME)";
				SWIFT_EMIT_LOC_STRINGS = YES;
				SWIFT_VERSION = 5.0;
				TARGETED_DEVICE_FAMILY = "1,2";
			};
			name = Release;
		};
		E4AC9A88277250F2009101AF /* Debug */ = {
			isa = XCBuildConfiguration;
			buildSettings = {
				ASSETCATALOG_COMPILER_APPICON_NAME = AppIcon;
				ASSETCATALOG_COMPILER_GLOBAL_ACCENT_COLOR_NAME = AccentColor;
				CLANG_CXX_LANGUAGE_STANDARD = "gnu++17";
				CODE_SIGN_STYLE = Automatic;
				CURRENT_PROJECT_VERSION = 1;
				DEVELOPMENT_ASSET_PATHS = "\"Previews/TapFeaturePreview/Preview Content\"";
				DEVELOPMENT_TEAM = 4H9DY7KK5F;
				ENABLE_PREVIEWS = YES;
				GENERATE_INFOPLIST_FILE = YES;
				INFOPLIST_KEY_UIApplicationSceneManifest_Generation = YES;
				INFOPLIST_KEY_UIApplicationSupportsIndirectInputEvents = YES;
				INFOPLIST_KEY_UILaunchScreen_Generation = YES;
				INFOPLIST_KEY_UISupportedInterfaceOrientations_iPad = "UIInterfaceOrientationPortrait UIInterfaceOrientationPortraitUpsideDown UIInterfaceOrientationLandscapeLeft UIInterfaceOrientationLandscapeRight";
				INFOPLIST_KEY_UISupportedInterfaceOrientations_iPhone = "UIInterfaceOrientationPortrait UIInterfaceOrientationLandscapeLeft UIInterfaceOrientationLandscapeRight";
				IPHONEOS_DEPLOYMENT_TARGET = 14.0;
				LD_RUNPATH_SEARCH_PATHS = (
					"$(inherited)",
					"@executable_path/Frameworks",
				);
				MARKETING_VERSION = 1.0;
				PRODUCT_BUNDLE_IDENTIFIER = nikitamounier.TapFeaturePreview;
				PRODUCT_NAME = "$(TARGET_NAME)";
				SWIFT_COMPILATION_MODE = singlefile;
				SWIFT_EMIT_LOC_STRINGS = YES;
				SWIFT_VERSION = 5.0;
				TARGETED_DEVICE_FAMILY = "1,2";
			};
			name = Debug;
		};
		E4AC9A89277250F2009101AF /* Release */ = {
			isa = XCBuildConfiguration;
			buildSettings = {
				ASSETCATALOG_COMPILER_APPICON_NAME = AppIcon;
				ASSETCATALOG_COMPILER_GLOBAL_ACCENT_COLOR_NAME = AccentColor;
				CLANG_CXX_LANGUAGE_STANDARD = "gnu++17";
				CODE_SIGN_STYLE = Automatic;
				CURRENT_PROJECT_VERSION = 1;
				DEVELOPMENT_ASSET_PATHS = "\"Previews/TapFeaturePreview/Preview Content\"";
				DEVELOPMENT_TEAM = 4H9DY7KK5F;
				ENABLE_PREVIEWS = YES;
				GENERATE_INFOPLIST_FILE = YES;
				INFOPLIST_KEY_UIApplicationSceneManifest_Generation = YES;
				INFOPLIST_KEY_UIApplicationSupportsIndirectInputEvents = YES;
				INFOPLIST_KEY_UILaunchScreen_Generation = YES;
				INFOPLIST_KEY_UISupportedInterfaceOrientations_iPad = "UIInterfaceOrientationPortrait UIInterfaceOrientationPortraitUpsideDown UIInterfaceOrientationLandscapeLeft UIInterfaceOrientationLandscapeRight";
				INFOPLIST_KEY_UISupportedInterfaceOrientations_iPhone = "UIInterfaceOrientationPortrait UIInterfaceOrientationLandscapeLeft UIInterfaceOrientationLandscapeRight";
				IPHONEOS_DEPLOYMENT_TARGET = 14.0;
				LD_RUNPATH_SEARCH_PATHS = (
					"$(inherited)",
					"@executable_path/Frameworks",
				);
				MARKETING_VERSION = 1.0;
				PRODUCT_BUNDLE_IDENTIFIER = nikitamounier.TapFeaturePreview;
				PRODUCT_NAME = "$(TARGET_NAME)";
				SWIFT_EMIT_LOC_STRINGS = YES;
				SWIFT_VERSION = 5.0;
				TARGETED_DEVICE_FAMILY = "1,2";
			};
			name = Release;
		};
		E4DFE93B267FBD7A00F21A5B /* Debug */ = {
			isa = XCBuildConfiguration;
			buildSettings = {
				ALWAYS_SEARCH_USER_PATHS = NO;
				CLANG_ANALYZER_NONNULL = YES;
				CLANG_ANALYZER_NUMBER_OBJECT_CONVERSION = YES_AGGRESSIVE;
				CLANG_CXX_LANGUAGE_STANDARD = "gnu++14";
				CLANG_CXX_LIBRARY = "libc++";
				CLANG_ENABLE_MODULES = YES;
				CLANG_ENABLE_OBJC_ARC = YES;
				CLANG_ENABLE_OBJC_WEAK = YES;
				CLANG_WARN_BLOCK_CAPTURE_AUTORELEASING = YES;
				CLANG_WARN_BOOL_CONVERSION = YES;
				CLANG_WARN_COMMA = YES;
				CLANG_WARN_CONSTANT_CONVERSION = YES;
				CLANG_WARN_DEPRECATED_OBJC_IMPLEMENTATIONS = YES;
				CLANG_WARN_DIRECT_OBJC_ISA_USAGE = YES_ERROR;
				CLANG_WARN_DOCUMENTATION_COMMENTS = YES;
				CLANG_WARN_EMPTY_BODY = YES;
				CLANG_WARN_ENUM_CONVERSION = YES;
				CLANG_WARN_INFINITE_RECURSION = YES;
				CLANG_WARN_INT_CONVERSION = YES;
				CLANG_WARN_NON_LITERAL_NULL_CONVERSION = YES;
				CLANG_WARN_OBJC_IMPLICIT_RETAIN_SELF = YES;
				CLANG_WARN_OBJC_LITERAL_CONVERSION = YES;
				CLANG_WARN_OBJC_ROOT_CLASS = YES_ERROR;
				CLANG_WARN_QUOTED_INCLUDE_IN_FRAMEWORK_HEADER = YES;
				CLANG_WARN_RANGE_LOOP_ANALYSIS = YES;
				CLANG_WARN_STRICT_PROTOTYPES = YES;
				CLANG_WARN_SUSPICIOUS_MOVE = YES;
				CLANG_WARN_UNGUARDED_AVAILABILITY = YES_AGGRESSIVE;
				CLANG_WARN_UNREACHABLE_CODE = YES;
				CLANG_WARN__DUPLICATE_METHOD_MATCH = YES;
				COPY_PHASE_STRIP = NO;
				DEBUG_INFORMATION_FORMAT = dwarf;
				ENABLE_STRICT_OBJC_MSGSEND = YES;
				ENABLE_TESTABILITY = YES;
				GCC_C_LANGUAGE_STANDARD = gnu11;
				GCC_DYNAMIC_NO_PIC = NO;
				GCC_NO_COMMON_BLOCKS = YES;
				GCC_OPTIMIZATION_LEVEL = 0;
				GCC_PREPROCESSOR_DEFINITIONS = (
					"DEBUG=1",
					"$(inherited)",
				);
				GCC_WARN_64_TO_32_BIT_CONVERSION = YES;
				GCC_WARN_ABOUT_RETURN_TYPE = YES_ERROR;
				GCC_WARN_UNDECLARED_SELECTOR = YES;
				GCC_WARN_UNINITIALIZED_AUTOS = YES_AGGRESSIVE;
				GCC_WARN_UNUSED_FUNCTION = YES;
				GCC_WARN_UNUSED_VARIABLE = YES;
				IPHONEOS_DEPLOYMENT_TARGET = 14.5;
				MTL_ENABLE_DEBUG_INFO = INCLUDE_SOURCE;
				MTL_FAST_MATH = YES;
				ONLY_ACTIVE_ARCH = YES;
				SDKROOT = iphoneos;
				SWIFT_ACTIVE_COMPILATION_CONDITIONS = DEBUG;
				SWIFT_OPTIMIZATION_LEVEL = "-Onone";
			};
			name = Debug;
		};
		E4DFE93C267FBD7A00F21A5B /* Release */ = {
			isa = XCBuildConfiguration;
			buildSettings = {
				ALWAYS_SEARCH_USER_PATHS = NO;
				CLANG_ANALYZER_NONNULL = YES;
				CLANG_ANALYZER_NUMBER_OBJECT_CONVERSION = YES_AGGRESSIVE;
				CLANG_CXX_LANGUAGE_STANDARD = "gnu++14";
				CLANG_CXX_LIBRARY = "libc++";
				CLANG_ENABLE_MODULES = YES;
				CLANG_ENABLE_OBJC_ARC = YES;
				CLANG_ENABLE_OBJC_WEAK = YES;
				CLANG_WARN_BLOCK_CAPTURE_AUTORELEASING = YES;
				CLANG_WARN_BOOL_CONVERSION = YES;
				CLANG_WARN_COMMA = YES;
				CLANG_WARN_CONSTANT_CONVERSION = YES;
				CLANG_WARN_DEPRECATED_OBJC_IMPLEMENTATIONS = YES;
				CLANG_WARN_DIRECT_OBJC_ISA_USAGE = YES_ERROR;
				CLANG_WARN_DOCUMENTATION_COMMENTS = YES;
				CLANG_WARN_EMPTY_BODY = YES;
				CLANG_WARN_ENUM_CONVERSION = YES;
				CLANG_WARN_INFINITE_RECURSION = YES;
				CLANG_WARN_INT_CONVERSION = YES;
				CLANG_WARN_NON_LITERAL_NULL_CONVERSION = YES;
				CLANG_WARN_OBJC_IMPLICIT_RETAIN_SELF = YES;
				CLANG_WARN_OBJC_LITERAL_CONVERSION = YES;
				CLANG_WARN_OBJC_ROOT_CLASS = YES_ERROR;
				CLANG_WARN_QUOTED_INCLUDE_IN_FRAMEWORK_HEADER = YES;
				CLANG_WARN_RANGE_LOOP_ANALYSIS = YES;
				CLANG_WARN_STRICT_PROTOTYPES = YES;
				CLANG_WARN_SUSPICIOUS_MOVE = YES;
				CLANG_WARN_UNGUARDED_AVAILABILITY = YES_AGGRESSIVE;
				CLANG_WARN_UNREACHABLE_CODE = YES;
				CLANG_WARN__DUPLICATE_METHOD_MATCH = YES;
				COPY_PHASE_STRIP = NO;
				DEBUG_INFORMATION_FORMAT = "dwarf-with-dsym";
				ENABLE_NS_ASSERTIONS = NO;
				ENABLE_STRICT_OBJC_MSGSEND = YES;
				GCC_C_LANGUAGE_STANDARD = gnu11;
				GCC_NO_COMMON_BLOCKS = YES;
				GCC_WARN_64_TO_32_BIT_CONVERSION = YES;
				GCC_WARN_ABOUT_RETURN_TYPE = YES_ERROR;
				GCC_WARN_UNDECLARED_SELECTOR = YES;
				GCC_WARN_UNINITIALIZED_AUTOS = YES_AGGRESSIVE;
				GCC_WARN_UNUSED_FUNCTION = YES;
				GCC_WARN_UNUSED_VARIABLE = YES;
				IPHONEOS_DEPLOYMENT_TARGET = 14.5;
				MTL_ENABLE_DEBUG_INFO = NO;
				MTL_FAST_MATH = YES;
				SDKROOT = iphoneos;
				SWIFT_COMPILATION_MODE = wholemodule;
				SWIFT_OPTIMIZATION_LEVEL = "-O";
				VALIDATE_PRODUCT = YES;
			};
			name = Release;
		};
		E4DFE93E267FBD7A00F21A5B /* Debug */ = {
			isa = XCBuildConfiguration;
			buildSettings = {
				ASSETCATALOG_COMPILER_APPICON_NAME = AppIcon;
				ASSETCATALOG_COMPILER_GLOBAL_ACCENT_COLOR_NAME = AccentColor;
				CODE_SIGN_STYLE = Automatic;
				DEVELOPMENT_ASSET_PATHS = "\"TapIt/Preview Content\"";
				DEVELOPMENT_TEAM = 4H9DY7KK5F;
				ENABLE_PREVIEWS = YES;
				INFOPLIST_FILE = TapIt/Info.plist;
				IPHONEOS_DEPLOYMENT_TARGET = 14.0;
				LD_RUNPATH_SEARCH_PATHS = (
					"$(inherited)",
					"@executable_path/Frameworks",
				);
				PRODUCT_BUNDLE_IDENTIFIER = nikitamounier.TapIt;
				PRODUCT_NAME = "$(TARGET_NAME)";
				SWIFT_VERSION = 5.0;
				TARGETED_DEVICE_FAMILY = 1;
			};
			name = Debug;
		};
		E4DFE93F267FBD7A00F21A5B /* Release */ = {
			isa = XCBuildConfiguration;
			buildSettings = {
				ASSETCATALOG_COMPILER_APPICON_NAME = AppIcon;
				ASSETCATALOG_COMPILER_GLOBAL_ACCENT_COLOR_NAME = AccentColor;
				CODE_SIGN_STYLE = Automatic;
				DEVELOPMENT_ASSET_PATHS = "\"TapIt/Preview Content\"";
				DEVELOPMENT_TEAM = 4H9DY7KK5F;
				ENABLE_PREVIEWS = YES;
				INFOPLIST_FILE = TapIt/Info.plist;
				IPHONEOS_DEPLOYMENT_TARGET = 14.0;
				LD_RUNPATH_SEARCH_PATHS = (
					"$(inherited)",
					"@executable_path/Frameworks",
				);
				PRODUCT_BUNDLE_IDENTIFIER = nikitamounier.TapIt;
				PRODUCT_NAME = "$(TARGET_NAME)";
				SWIFT_VERSION = 5.0;
				TARGETED_DEVICE_FAMILY = 1;
			};
			name = Release;
		};
/* End XCBuildConfiguration section */

/* Begin XCConfigurationList section */
		E4685EE82772856A00393DDA /* Build configuration list for PBXNativeTarget "HistoryFeaturePreview" */ = {
			isa = XCConfigurationList;
			buildConfigurations = (
				E4685EE62772856A00393DDA /* Debug */,
				E4685EE72772856A00393DDA /* Release */,
			);
			defaultConfigurationIsVisible = 0;
			defaultConfigurationName = Release;
		};
		E4685EFA277286C900393DDA /* Build configuration list for PBXNativeTarget "UserProfileFeaturePreview" */ = {
			isa = XCConfigurationList;
			buildConfigurations = (
				E4685EFB277286C900393DDA /* Debug */,
				E4685EFC277286C900393DDA /* Release */,
			);
			defaultConfigurationIsVisible = 0;
			defaultConfigurationName = Release;
		};
		E4AC9A8A277250F2009101AF /* Build configuration list for PBXNativeTarget "TapFeaturePreview" */ = {
			isa = XCConfigurationList;
			buildConfigurations = (
				E4AC9A88277250F2009101AF /* Debug */,
				E4AC9A89277250F2009101AF /* Release */,
			);
			defaultConfigurationIsVisible = 0;
			defaultConfigurationName = Release;
		};
		E4DFE929267FBD7900F21A5B /* Build configuration list for PBXProject "TapIt" */ = {
			isa = XCConfigurationList;
			buildConfigurations = (
				E4DFE93B267FBD7A00F21A5B /* Debug */,
				E4DFE93C267FBD7A00F21A5B /* Release */,
			);
			defaultConfigurationIsVisible = 0;
			defaultConfigurationName = Release;
		};
		E4DFE93D267FBD7A00F21A5B /* Build configuration list for PBXNativeTarget "TapIt" */ = {
			isa = XCConfigurationList;
			buildConfigurations = (
				E4DFE93E267FBD7A00F21A5B /* Debug */,
				E4DFE93F267FBD7A00F21A5B /* Release */,
			);
			defaultConfigurationIsVisible = 0;
			defaultConfigurationName = Release;
		};
/* End XCConfigurationList section */

/* Begin XCSwiftPackageProductDependency section */
		E4685EE92772857B00393DDA /* HistoryFeature */ = {
			isa = XCSwiftPackageProductDependency;
			productName = HistoryFeature;
		};
		E473E144277CFFD1001729DF /* UserProfileFeature */ = {
			isa = XCSwiftPackageProductDependency;
			productName = UserProfileFeature;
		};
		E49AA45E267FBFA700D3F456 /* AppFeature */ = {
			isa = XCSwiftPackageProductDependency;
			productName = AppFeature;
		};
		E4AC9A8C27725169009101AF /* TapFeature */ = {
			isa = XCSwiftPackageProductDependency;
			productName = TapFeature;
		};
/* End XCSwiftPackageProductDependency section */
	};
	rootObject = E4DFE926267FBD7900F21A5B /* Project object */;
}
