{
  "object": {
    "pins": [
      {
        "package": "combine-schedulers",
        "repositoryURL": "https://github.com/pointfreeco/combine-schedulers",
        "state": {
          "branch": null,
          "revision": "6dcc7c034d28fe7ac652453faeae07656f723909",
          "version": "0.5.1"
        }
      },
      {
        "package": "PhoneNumberKit",
        "repositoryURL": "https://github.com/marmelroy/PhoneNumberKit",
        "state": {
          "branch": null,
          "revision": "1ef0431b971f69c48ca5eb4cdba07f2c5da54c35",
          "version": "3.3.3"
        }
      },
      {
        "package": "swift-case-paths",
        "repositoryURL": "https://github.com/pointfreeco/swift-case-paths",
        "state": {
          "branch": null,
          "revision": "d226d167bd4a68b51e352af5655c92bce8ee0463",
          "version": "0.7.0"
        }
      },
      {
        "package": "swift-collections",
        "repositoryURL": "https://github.com/apple/swift-collections",
        "state": {
          "branch": null,
          "revision": "0959ba76a1d4a98fd11163aa83fd49c25b93bfae",
          "version": "0.0.5"
        }
      },
      {
        "package": "swift-composable-architecture",
        "repositoryURL": "https://github.com/pointfreeco/swift-composable-architecture.git",
        "state": {
          "branch": null,
          "revision": "4223ffbf97cfe030617b95b713bb5d6b6503567d",
          "version": "0.23.0"
        }
      },
      {
        "package": "swift-identified-collections",
        "repositoryURL": "https://github.com/pointfreeco/swift-identified-collections",
        "state": {
          "branch": null,
          "revision": "edececbdb56b07e9402f2f3f5b907d220a28b4ea",
          "version": "0.1.1"
        }
      },
      {
        "package": "swift-nonempty",
        "repositoryURL": "https://github.com/nikitamounier/swift-nonempty",
        "state": {
          "branch": "5cde62a",
          "revision": "5cde62a583e54b2af0e3195416100a1986842466",
          "version": null
        }
      },
      {
        "package": "Overture",
        "repositoryURL": "https://github.com/pointfreeco/swift-overture",
        "state": {
          "branch": null,
          "revision": "7977acd7597f413717058acc1e080731249a1d7e",
          "version": "0.5.0"
        }
      },
      {
        "package": "xctest-dynamic-overlay",
        "repositoryURL": "https://github.com/pointfreeco/xctest-dynamic-overlay",
        "state": {
          "branch": null,
          "revision": "152390e9e78ebbf0d767ee52971d41e7f44f39bc",
          "version": "0.1.1"
        }
      }
    ]
  },
  "version": 1
}
